
Microsoft Visual Studio Solution File, Format Version 12.00
# Visual Studio Version 17
VisualStudioVersion = 17.8.34525.116
MinimumVisualStudioVersion = 10.0.40219.1
Project("{FAE04EC0-301F-11D3-BF4B-00C04F79EFBC}") = "Kimtak.Client", "Kimtak.Client\Kimtak.Client.csproj", "{55D50DAB-9E78-44DA-A10F-A92D4BA1F2F7}"
EndProject
Project("{FAE04EC0-301F-11D3-BF4B-00C04F79EFBC}") = "Kimtak.Server", "Kimtak.Server\Kimtak.Server.csproj", "{5C711487-CD47-4A99-8D7A-83479560C211}"
EndProject
Project("{FAE04EC0-301F-11D3-BF4B-00C04F79EFBC}") = "Kimtak.Share", "Kimtak.Share\Kimtak.Share.csproj", "{11D412E5-6FB6-4BD9-854B-D1E5CE1663C6}"
EndProject
Global
	GlobalSection(SolutionConfigurationPlatforms) = preSolution
		Debug|Any CPU = Debug|Any CPU
		Release|Any CPU = Release|Any CPU
	EndGlobalSection
	GlobalSection(ProjectConfigurationPlatforms) = postSolution
		{55D50DAB-9E78-44DA-A10F-A92D4BA1F2F7}.Debug|Any CPU.ActiveCfg = Debug|Any CPU
		{55D50DAB-9E78-44DA-A10F-A92D4BA1F2F7}.Debug|Any CPU.Build.0 = Debug|Any CPU
		{55D50DAB-9E78-44DA-A10F-A92D4BA1F2F7}.Release|Any CPU.ActiveCfg = Release|Any CPU
		{55D50DAB-9E78-44DA-A10F-A92D4BA1F2F7}.Release|Any CPU.Build.0 = Release|Any CPU
		{5C711487-CD47-4A99-8D7A-83479560C211}.Debug|Any CPU.ActiveCfg = Debug|Any CPU
		{5C711487-CD47-4A99-8D7A-83479560C211}.Debug|Any CPU.Build.0 = Debug|Any CPU
		{5C711487-CD47-4A99-8D7A-83479560C211}.Release|Any CPU.ActiveCfg = Release|Any CPU
		{5C711487-CD47-4A99-8D7A-83479560C211}.Release|Any CPU.Build.0 = Release|Any CPU
		{11D412E5-6FB6-4BD9-854B-D1E5CE1663C6}.Debug|Any CPU.ActiveCfg = Debug|Any CPU
		{11D412E5-6FB6-4BD9-854B-D1E5CE1663C6}.Debug|Any CPU.Build.0 = Debug|Any CPU
		{11D412E5-6FB6-4BD9-854B-D1E5CE1663C6}.Release|Any CPU.ActiveCfg = Release|Any CPU
		{11D412E5-6FB6-4BD9-854B-D1E5CE1663C6}.Release|Any CPU.Build.0 = Release|Any CPU
	EndGlobalSection
	GlobalSection(SolutionProperties) = preSolution
		HideSolutionNode = FALSE
	EndGlobalSection
	GlobalSection(ExtensibilityGlobals) = postSolution
		SolutionGuid = {3B066E79-848A-4C1B-AF0E-61FB126FDE19}
	EndGlobalSection
EndGlobal
